
Microsoft Visual Studio Solution File, Format Version 10.00
# Visual C# Express 2008
Project("{FAE04EC0-301F-11D3-BF4B-00C04F79EFBC}") = "BeginBackupJob", "BeginBackupJob\BeginBackupJob.csproj", "{B6E44887-3AF6-4D80-9CFD-14E14BFE905E}"
EndProject
Global
	GlobalSection(SolutionConfigurationPlatforms) = preSolution
		Debug|Any CPU = Debug|Any CPU
		Release|Any CPU = Release|Any CPU
	EndGlobalSection
	GlobalSection(ProjectConfigurationPlatforms) = postSolution
		{B6E44887-3AF6-4D80-9CFD-14E14BFE905E}.Debug|Any CPU.ActiveCfg = Debug|Any CPU
		{B6E44887-3AF6-4D80-9CFD-14E14BFE905E}.Debug|Any CPU.Build.0 = Debug|Any CPU
		{B6E44887-3AF6-4D80-9CFD-14E14BFE905E}.Release|Any CPU.ActiveCfg = Release|Any CPU
		{B6E44887-3AF6-4D80-9CFD-14E14BFE905E}.Release|Any CPU.Build.0 = Release|Any CPU
	EndGlobalSection
	GlobalSection(SolutionProperties) = preSolution
		HideSolutionNode = FALSE
	EndGlobalSection
EndGlobal
